
Microsoft Visual Studio Solution File, Format Version 12.00
# Visual Studio Version 17
VisualStudioVersion = 17.2.32519.379
MinimumVisualStudioVersion = 10.0.40219.1
Project("{9A19103F-16F7-4668-BE54-9A1E7A4F7556}") = "API", "API\API.csproj", "{EA954E90-165B-4858-979D-50C4309AC195}"
EndProject
Project("{9A19103F-16F7-4668-BE54-9A1E7A4F7556}") = "Domain", "Domain\Domain.csproj", "{97B118C5-3604-49DB-8E02-883FCB27F870}"
EndProject
Project("{9A19103F-16F7-4668-BE54-9A1E7A4F7556}") = "Backend", "Backend\Backend.csproj", "{ADF3988A-A099-4B42-A217-E376874C995D}"
EndProject
Project("{9A19103F-16F7-4668-BE54-9A1E7A4F7556}") = "Frontend", "Frontend\Frontend.csproj", "{4AA5DE95-61AC-4046-B310-D13576626811}"
EndProject
Global
	GlobalSection(SolutionConfigurationPlatforms) = preSolution
		Debug|Any CPU = Debug|Any CPU
		Release|Any CPU = Release|Any CPU
	EndGlobalSection
	GlobalSection(ProjectConfigurationPlatforms) = postSolution
		{EA954E90-165B-4858-979D-50C4309AC195}.Debug|Any CPU.ActiveCfg = Debug|Any CPU
		{EA954E90-165B-4858-979D-50C4309AC195}.Debug|Any CPU.Build.0 = Debug|Any CPU
		{EA954E90-165B-4858-979D-50C4309AC195}.Release|Any CPU.ActiveCfg = Release|Any CPU
		{EA954E90-165B-4858-979D-50C4309AC195}.Release|Any CPU.Build.0 = Release|Any CPU
		{97B118C5-3604-49DB-8E02-883FCB27F870}.Debug|Any CPU.ActiveCfg = Debug|Any CPU
		{97B118C5-3604-49DB-8E02-883FCB27F870}.Debug|Any CPU.Build.0 = Debug|Any CPU
		{97B118C5-3604-49DB-8E02-883FCB27F870}.Release|Any CPU.ActiveCfg = Release|Any CPU
		{97B118C5-3604-49DB-8E02-883FCB27F870}.Release|Any CPU.Build.0 = Release|Any CPU
		{ADF3988A-A099-4B42-A217-E376874C995D}.Debug|Any CPU.ActiveCfg = Debug|Any CPU
		{ADF3988A-A099-4B42-A217-E376874C995D}.Debug|Any CPU.Build.0 = Debug|Any CPU
		{ADF3988A-A099-4B42-A217-E376874C995D}.Release|Any CPU.ActiveCfg = Release|Any CPU
		{ADF3988A-A099-4B42-A217-E376874C995D}.Release|Any CPU.Build.0 = Release|Any CPU
		{4AA5DE95-61AC-4046-B310-D13576626811}.Debug|Any CPU.ActiveCfg = Debug|Any CPU
		{4AA5DE95-61AC-4046-B310-D13576626811}.Debug|Any CPU.Build.0 = Debug|Any CPU
		{4AA5DE95-61AC-4046-B310-D13576626811}.Release|Any CPU.ActiveCfg = Release|Any CPU
		{4AA5DE95-61AC-4046-B310-D13576626811}.Release|Any CPU.Build.0 = Release|Any CPU
	EndGlobalSection
	GlobalSection(SolutionProperties) = preSolution
		HideSolutionNode = FALSE
	EndGlobalSection
	GlobalSection(ExtensibilityGlobals) = postSolution
		SolutionGuid = {284276AB-3907-49E5-8C07-7FFC50AED947}
	EndGlobalSection
EndGlobal
